<?xml version="1.0" encoding="utf-8"?>
<Project ToolsVersion="4.0" xmlns="http://schemas.microsoft.com/developer/msbuild/2003">
  <ItemGroup>
    <Filter Include="Source Files">
      <UniqueIdentifier>{4FC737F1-C7A5-4376-A066-2A32D752A2FF}</UniqueIdentifier>
      <Extensions>cpp;c;cc;cxx;def;odl;idl;hpj;bat;asm;asmx</Extensions>
    </Filter>
    <Filter Include="Header Files">
      <UniqueIdentifier>{93995380-89BD-4b04-88EB-625FBE52EBFB}</UniqueIdentifier>
      <Extensions>h;hh;hpp;hxx;hm;inl;inc;xsd</Extensions>
    </Filter>
    <Filter Include="Resource Files">
      <UniqueIdentifier>{67DA6AB6-F800-4c08-8B7A-83BB121AAD01}</UniqueIdentifier>
      <Extensions>rc;ico;cur;bmp;dlg;rc2;rct;bin;rgs;gif;jpg;jpeg;jpe;resx;tiff;tif;png;wav;mfcribbon-ms</Extensions>
    </Filter>
  </ItemGroup>
  <ItemGroup>
    <None Include="msvcr120.dll" />
    <None Include="alut.dll" />
    <None Include="DevIL.dll" />
    <None Include="glew32.dll" />
    <None Include="glfw3.dll" />
    <None Include="ILU.dll" />
    <None Include="ILUT.dll" />
  </ItemGroup>
  <ItemGroup>
    <ClInclude Include="src\include\application\gfx\font\Font.h">
      <Filter>Header Files</Filter>
    </ClInclude>
    <ClInclude Include="src\include\application\gfx\gui\button\Button.h">
      <Filter>Header Files</Filter>
    </ClInclude>
    <ClInclude Include="src\include\application\gfx\gui\button\ButtonRadio.h">
      <Filter>Header Files</Filter>
    </ClInclude>
    <ClInclude Include="src\include\application\gfx\gui\button\ButtonToggle.h">
      <Filter>Header Files</Filter>
    </ClInclude>
    <ClInclude Include="src\include\application\gfx\gui\container\BackPanel.h">
      <Filter>Header Files</Filter>
    </ClInclude>
    <ClInclude Include="src\include\application\gfx\gui\container\ColorPanel.h">
      <Filter>Header Files</Filter>
    </ClInclude>
    <ClInclude Include="src\include\application\gfx\gui\container\Container.h">
      <Filter>Header Files</Filter>
    </ClInclude>
    <ClInclude Include="src\include\application\gfx\gui\container\ContainerPanel.h">
      <Filter>Header Files</Filter>
    </ClInclude>
    <ClInclude Include="src\include\application\gfx\gui\container\Panel.h">
      <Filter>Header Files</Filter>
    </ClInclude>
    <ClInclude Include="src\include\application\gfx\gui\field\DataField.h">
      <Filter>Header Files</Filter>
    </ClInclude>
    <ClInclude Include="src\include\application\gfx\gui\field\Text.h">
      <Filter>Header Files</Filter>
    </ClInclude>
    <ClInclude Include="src\include\application\gfx\gui\field\TextField.h">
      <Filter>Header Files</Filter>
    </ClInclude>
    <ClInclude Include="src\include\application\gfx\gui\frequency\Graph.h">
      <Filter>Header Files</Filter>
    </ClInclude>
    <ClInclude Include="src\include\application\gfx\gui\frequency\Slider.h">
      <Filter>Header Files</Filter>
    </ClInclude>
    <ClInclude Include="src\include\application\gfx\gui\icon\Icon.h">
      <Filter>Header Files</Filter>
    </ClInclude>
    <ClInclude Include="src\include\application\gfx\gui\Component.h">
      <Filter>Header Files</Filter>
    </ClInclude>
    <ClInclude Include="src\include\application\gfx\mesh\VoxelMesh.h">
      <Filter>Header Files</Filter>
    </ClInclude>
    <ClInclude Include="src\include\application\gfx\model\load\NvmFormat.h">
      <Filter>Header Files</Filter>
    </ClInclude>
    <ClInclude Include="src\include\application\gfx\model\load\VoxFormat.h">
      <Filter>Header Files</Filter>
    </ClInclude>
    <ClInclude Include="src\include\application\gfx\model\VoxelMatrix.h">
      <Filter>Header Files</Filter>
    </ClInclude>
    <ClInclude Include="src\include\application\gfx\model\VoxelModel.h">
      <Filter>Header Files</Filter>
    </ClInclude>
    <ClInclude Include="src\include\application\gfx\sprite\SpriteAnimation.h">
      <Filter>Header Files</Filter>
    </ClInclude>
    <ClInclude Include="src\include\application\gfx\tileset\Tileset.h">
      <Filter>Header Files</Filter>
    </ClInclude>
    <ClInclude Include="src\include\application\gfx\LGui.h">
      <Filter>Header Files</Filter>
    </ClInclude>
    <ClInclude Include="src\include\application\gfx\LTexture.h">
      <Filter>Header Files</Filter>
    </ClInclude>
    <ClInclude Include="src\include\application\sfx\LOpenAL.h">
      <Filter>Header Files</Filter>
    </ClInclude>
    <ClInclude Include="src\include\application\sfx\Sound.h">
      <Filter>Header Files</Filter>
    </ClInclude>
    <ClInclude Include="src\include\application\utils\global\event\GKey.h">
      <Filter>Header Files</Filter>
    </ClInclude>
    <ClInclude Include="src\include\application\utils\global\event\GMouse.h">
      <Filter>Header Files</Filter>
    </ClInclude>
    <ClInclude Include="src\include\application\utils\global\GGameState.h">
      <Filter>Header Files</Filter>
    </ClInclude>
    <ClInclude Include="src\include\application\utils\global\GScreen.h">
      <Filter>Header Files</Filter>
    </ClInclude>
    <ClInclude Include="src\include\application\utils\variable\datatype\Box.h">
      <Filter>Header Files</Filter>
    </ClInclude>
    <ClInclude Include="src\include\application\utils\variable\datatype\Color.h">
      <Filter>Header Files</Filter>
    </ClInclude>
    <ClInclude Include="src\include\application\utils\variable\datatype\Macros.h">
      <Filter>Header Files</Filter>
    </ClInclude>
    <ClInclude Include="src\include\application\utils\variable\datatype\Rectangle.h">
      <Filter>Header Files</Filter>
    </ClInclude>
    <ClInclude Include="src\include\application\utils\variable\datatype\Texture.h">
      <Filter>Header Files</Filter>
    </ClInclude>
    <ClInclude Include="src\include\application\utils\variable\datatype\Vector2.h">
      <Filter>Header Files</Filter>
    </ClInclude>
    <ClInclude Include="src\include\application\utils\variable\datatype\Vector3.h">
      <Filter>Header Files</Filter>
    </ClInclude>
    <ClInclude Include="src\include\application\utils\variable\datatype\Vector4.h">
      <Filter>Header Files</Filter>
    </ClInclude>
    <ClInclude Include="src\include\application\utils\variable\datatype\Voxel.h">
      <Filter>Header Files</Filter>
    </ClInclude>
    <ClInclude Include="src\include\application\utils\variable\manager\ColorManager.h">
      <Filter>Header Files</Filter>
    </ClInclude>
    <ClInclude Include="src\include\application\utils\variable\manager\Manager.h">
      <Filter>Header Files</Filter>
    </ClInclude>
    <ClInclude Include="src\include\application\utils\variable\manager\ScissorManager.h">
      <Filter>Header Files</Filter>
    </ClInclude>
    <ClInclude Include="src\include\application\utils\variable\manager\TextureManager.h">
      <Filter>Header Files</Filter>
    </ClInclude>
    <ClInclude Include="src\include\application\utils\variable\manager\VoxelManager.h">
      <Filter>Header Files</Filter>
    </ClInclude>
    <ClInclude Include="src\include\application\utils\variable\manager\VoxelModelManager.h">
      <Filter>Header Files</Filter>
    </ClInclude>
    <ClInclude Include="src\include\application\utils\FileExt.h">
      <Filter>Header Files</Filter>
    </ClInclude>
    <ClInclude Include="src\include\application\utils\LOpenGL.h">
      <Filter>Header Files</Filter>
    </ClInclude>
    <ClInclude Include="src\include\application\utils\Math.h">
      <Filter>Header Files</Filter>
    </ClInclude>
    <ClInclude Include="src\include\application\utils\Singleton.h">
      <Filter>Header Files</Filter>
    </ClInclude>
    <ClInclude Include="src\include\application\utils\Utilities.h">
      <Filter>Header Files</Filter>
    </ClInclude>
    <ClInclude Include="src\include\application\Application.h">
      <Filter>Header Files</Filter>
    </ClInclude>
    <ClInclude Include="src\include\application\editor\platformer\command\Command.h">
      <Filter>Header Files</Filter>
    </ClInclude>
    <ClInclude Include="src\include\application\editor\platformer\Platformer.h">
      <Filter>Header Files</Filter>
    </ClInclude>
    <ClInclude Include="src\include\application\editor\Editor.h">
      <Filter>Header Files</Filter>
    </ClInclude>
    <ClInclude Include="src\include\application\editor\platformer\map\Map.h">
      <Filter>Header Files</Filter>
    </ClInclude>
    <ClInclude Include="src\include\application\gfx\gui\tileselecter\TileSelecter.h">
      <Filter>Header Files</Filter>
    </ClInclude>
  </ItemGroup>
  <ItemGroup>
    <ClCompile Include="src\src\application\gfx\font\Font.cpp">
      <Filter>Source Files</Filter>
    </ClCompile>
    <ClCompile Include="src\src\application\gfx\gui\button\Button.cpp">
      <Filter>Source Files</Filter>
    </ClCompile>
    <ClCompile Include="src\src\application\gfx\gui\button\ButtonRadio.cpp">
      <Filter>Source Files</Filter>
    </ClCompile>
    <ClCompile Include="src\src\application\gfx\gui\button\ButtonToggle.cpp">
      <Filter>Source Files</Filter>
    </ClCompile>
    <ClCompile Include="src\src\application\gfx\gui\container\ColorPanel.cpp">
      <Filter>Source Files</Filter>
    </ClCompile>
    <ClCompile Include="src\src\application\gfx\gui\container\Container.cpp">
      <Filter>Source Files</Filter>
    </ClCompile>
    <ClCompile Include="src\src\application\gfx\gui\container\ContainerPanel.cpp">
      <Filter>Source Files</Filter>
    </ClCompile>
    <ClCompile Include="src\src\application\gfx\gui\container\Panel.cpp">
      <Filter>Source Files</Filter>
    </ClCompile>
    <ClCompile Include="src\src\application\gfx\gui\field\DataField.cpp">
      <Filter>Source Files</Filter>
    </ClCompile>
    <ClCompile Include="src\src\application\gfx\gui\field\Text.cpp">
      <Filter>Source Files</Filter>
    </ClCompile>
    <ClCompile Include="src\src\application\gfx\gui\field\TextField.cpp">
      <Filter>Source Files</Filter>
    </ClCompile>
    <ClCompile Include="src\src\application\gfx\gui\frequency\Graph.cpp">
      <Filter>Source Files</Filter>
    </ClCompile>
    <ClCompile Include="src\src\application\gfx\gui\frequency\Slider.cpp">
      <Filter>Source Files</Filter>
    </ClCompile>
    <ClCompile Include="src\src\application\gfx\gui\icon\Icon.cpp">
      <Filter>Source Files</Filter>
    </ClCompile>
    <ClCompile Include="src\src\application\gfx\gui\Component.cpp">
      <Filter>Source Files</Filter>
    </ClCompile>
    <ClCompile Include="src\src\application\gfx\mesh\VoxelMesh.cpp">
      <Filter>Source Files</Filter>
    </ClCompile>
    <ClCompile Include="src\src\application\gfx\model\load\NvmFormat.cpp">
      <Filter>Source Files</Filter>
    </ClCompile>
    <ClCompile Include="src\src\application\gfx\model\load\VoxFormat.cpp">
      <Filter>Source Files</Filter>
    </ClCompile>
    <ClCompile Include="src\src\application\gfx\model\VoxelMatrix.cpp">
      <Filter>Source Files</Filter>
    </ClCompile>
    <ClCompile Include="src\src\application\gfx\model\VoxelModel.cpp">
      <Filter>Source Files</Filter>
    </ClCompile>
    <ClCompile Include="src\src\application\gfx\sprite\SpriteAnimation.cpp">
      <Filter>Source Files</Filter>
    </ClCompile>
    <ClCompile Include="src\src\application\gfx\LTexture.cpp">
      <Filter>Source Files</Filter>
    </ClCompile>
    <ClCompile Include="src\src\application\sfx\Sound.cpp">
      <Filter>Source Files</Filter>
    </ClCompile>
    <ClCompile Include="src\src\application\utils\global\event\GKey.cpp">
      <Filter>Source Files</Filter>
    </ClCompile>
    <ClCompile Include="src\src\application\utils\global\event\GMouse.cpp">
      <Filter>Source Files</Filter>
    </ClCompile>
    <ClCompile Include="src\src\application\utils\global\GGameState.cpp">
      <Filter>Source Files</Filter>
    </ClCompile>
    <ClCompile Include="src\src\application\utils\global\GScreen.cpp">
      <Filter>Source Files</Filter>
    </ClCompile>
    <ClCompile Include="src\src\application\utils\variable\manager\ColorManager.cpp">
      <Filter>Source Files</Filter>
    </ClCompile>
    <ClCompile Include="src\src\application\utils\variable\manager\ScissorManager.cpp">
      <Filter>Source Files</Filter>
    </ClCompile>
    <ClCompile Include="src\src\application\utils\variable\manager\TextureManager.cpp">
      <Filter>Source Files</Filter>
    </ClCompile>
    <ClCompile Include="src\src\application\utils\variable\manager\VoxelManager.cpp">
      <Filter>Source Files</Filter>
    </ClCompile>
    <ClCompile Include="src\src\application\utils\variable\manager\VoxelModelManager.cpp">
      <Filter>Source Files</Filter>
    </ClCompile>
    <ClCompile Include="src\src\application\utils\FileExt.cpp">
      <Filter>Source Files</Filter>
    </ClCompile>
    <ClCompile Include="src\src\application\utils\Math.cpp">
      <Filter>Source Files</Filter>
    </ClCompile>
    <ClCompile Include="src\src\application\utils\Utilities.cpp">
      <Filter>Source Files</Filter>
    </ClCompile>
    <ClCompile Include="src\src\application\Application.cpp">
      <Filter>Source Files</Filter>
    </ClCompile>
    <ClCompile Include="src\src\Main.cpp">
      <Filter>Source Files</Filter>
    </ClCompile>
    <ClCompile Include="src\src\application\editor\platformer\command\Command.cpp">
      <Filter>Source Files</Filter>
    </ClCompile>
    <ClCompile Include="src\src\application\editor\platformer\map\Map.cpp">
      <Filter>Source Files</Filter>
    </ClCompile>
    <ClCompile Include="src\src\application\editor\platformer\Platformer.cpp">
      <Filter>Source Files</Filter>
    </ClCompile>
    <ClCompile Include="src\src\application\editor\Editor.cpp">
      <Filter>Source Files</Filter>
    </ClCompile>
    <ClCompile Include="src\src\application\gfx\gui\tileselecter\TileSelecter.cpp">
      <Filter>Source Files</Filter>
    </ClCompile>
  </ItemGroup>
</Project>